# @generated - this file is auto-generated by `mise lock` https://mise.jdx.dev/dev-tools/mise-lock.html

[[tools."aqua:casey/just"]]
version = "1.53.0"
backend = "aqua:casey/just"

[tools."aqua:casey/just"."platforms.linux-arm64"]
checksum = "sha256:f29d8e72380bc144465f632c7d59da311205eef2923d57511708b05b82f2e64f"
url = "https://github.com/casey/just/releases/download/1.53.0/just-1.53.0-aarch64-unknown-linux-musl.tar.gz"
url_api = "https://api.github.com/repos/casey/just/releases/assets/449563161"

[tools."aqua:casey/just"."platforms.linux-arm64-musl"]
checksum = "sha256:f29d8e72380bc144465f632c7d59da311205eef2923d57511708b05b82f2e64f"
url = "https://github.com/casey/just/releases/download/1.53.0/just-1.53.0-aarch64-unknown-linux-musl.tar.gz"
url_api = "https://api.github.com/repos/casey/just/releases/assets/449563161"

[tools."aqua:casey/just"."platforms.linux-x64"]
checksum = "sha256:7fedeb22c7e14d9ef1551e8b793700866d80f409f9884b0e80ebb65c11d4874d"
url = "https://github.com/casey/just/releases/download/1.53.0/just-1.53.0-x86_64-unknown-linux-musl.tar.gz"
url_api = "https://api.github.com/repos/casey/just/releases/assets/449562852"

[tools."aqua:casey/just"."platforms.linux-x64-musl"]
checksum = "sha256:7fedeb22c7e14d9ef1551e8b793700866d80f409f9884b0e80ebb65c11d4874d"
url = "https://github.com/casey/just/releases/download/1.53.0/just-1.53.0-x86_64-unknown-linux-musl.tar.gz"
url_api = "https://api.github.com/repos/casey/just/releases/assets/449562852"

[tools."aqua:casey/just"."platforms.macos-arm64"]
checksum = "sha256:27f1361f2e4fb5d733837f1a9f80f85c237e5a36c75ee14961e59141713aa4ed"
url = "https://github.com/casey/just/releases/download/1.53.0/just-1.53.0-aarch64-apple-darwin.tar.gz"
url_api = "https://api.github.com/repos/casey/just/releases/assets/449562761"

[tools."aqua:casey/just"."platforms.macos-x64"]
checksum = "sha256:bc345a26d40ae4697cb6b2f2ca04cdf1fbdc8c50eba1b40684c8bf3f98555d72"
url = "https://github.com/casey/just/releases/download/1.53.0/just-1.53.0-x86_64-apple-darwin.tar.gz"
url_api = "https://api.github.com/repos/casey/just/releases/assets/449562706"

[tools."aqua:casey/just"."platforms.windows-x64"]
checksum = "sha256:02308af0c174d3e0286f6bfc2b020258a3e12cd0c52c1d16fac8ef2c12dea0af"
url = "https://github.com/casey/just/releases/download/1.53.0/just-1.53.0-x86_64-pc-windows-msvc.zip"
url_api = "https://api.github.com/repos/casey/just/releases/assets/449564031"

[[tools."aqua:duckdb/duckdb"]]
version = "1.5.4"
backend = "aqua:duckdb/duckdb"

[tools."aqua:duckdb/duckdb"."platforms.linux-arm64"]
checksum = "sha256:377f03fb9f17ab5a78f28f829cbfcb5333da8ab3c2d0788f27694f81df77ed29"
url = "https://github.com/duckdb/duckdb/releases/download/v1.5.4/duckdb_cli-linux-arm64.zip"
url_api = "https://api.github.com/repos/duckdb/duckdb/releases/assets/450136302"

[tools."aqua:duckdb/duckdb"."platforms.linux-arm64-musl"]
checksum = "sha256:4ec3968b821a0a7e5d28a054b5e12097cc5f7448a240ac1f47f7e6442dd486be"
url = "https://github.com/duckdb/duckdb/releases/download/v1.5.4/duckdb_cli-linux-arm64-musl.zip"
url_api = "https://api.github.com/repos/duckdb/duckdb/releases/assets/450136276"

[tools."aqua:duckdb/duckdb"."platforms.linux-x64"]
checksum = "sha256:1f2fa724fb054b3dbe1a9cbd13de5b76997d850e7087ec762ba88db04e0180cf"
url = "https://github.com/duckdb/duckdb/releases/download/v1.5.4/duckdb_cli-linux-amd64.zip"
url_api = "https://api.github.com/repos/duckdb/duckdb/releases/assets/450136242"

[tools."aqua:duckdb/duckdb"."platforms.linux-x64-musl"]
checksum = "sha256:8a2f3ecb97d18e72fcdec04c546cb7860934a0f898b04d285f2dbee04376a918"
url = "https://github.com/duckdb/duckdb/releases/download/v1.5.4/duckdb_cli-linux-amd64-musl.zip"
url_api = "https://api.github.com/repos/duckdb/duckdb/releases/assets/450136212"

[tools."aqua:duckdb/duckdb"."platforms.macos-arm64"]
checksum = "sha256:c5d8cb60d7d5ceb6bb94fce5ae4a17cc816db19c21b6bb5e0d2348b3b2240359"
url = "https://github.com/duckdb/duckdb/releases/download/v1.5.4/duckdb_cli-osx-universal.zip"
url_api = "https://api.github.com/repos/duckdb/duckdb/releases/assets/450136380"

[tools."aqua:duckdb/duckdb"."platforms.macos-x64"]
checksum = "sha256:c5d8cb60d7d5ceb6bb94fce5ae4a17cc816db19c21b6bb5e0d2348b3b2240359"
url = "https://github.com/duckdb/duckdb/releases/download/v1.5.4/duckdb_cli-osx-universal.zip"
url_api = "https://api.github.com/repos/duckdb/duckdb/releases/assets/450136380"

[tools."aqua:duckdb/duckdb"."platforms.windows-x64"]
checksum = "sha256:09e27c773eaab396754cbaa8fdbc5055c0006db4a579439839c7bb671894610f"
url = "https://github.com/duckdb/duckdb/releases/download/v1.5.4/duckdb_cli-windows-amd64.zip"
url_api = "https://api.github.com/repos/duckdb/duckdb/releases/assets/450136391"

[[tools."cargo:cargo-nextest"]]
version = "0.9.138"
backend = "cargo:cargo-nextest"

[[tools.rust]]
version = "1.95.0"
backend = "core:rust"
